
Microsoft Visual Studio Solution File, Format Version 12.00
# Visual Studio Version 17
VisualStudioVersion = 17.0.31903.59
MinimumVisualStudioVersion = 10.0.40219.1
Project("{2150E333-8FDC-42A3-9474-1A3956D46DE8}") = "src", "src", "{827E0CD3-B72D-47B6-A68D-7590B98EB39B}"
EndProject
Project("{FAE04EC0-301F-11D3-BF4B-00C04F79EFBC}") = "Sintonia.Core", "src\Sintonia.Core\Sintonia.Core.csproj", "{B815E218-0285-401B-9682-C2A06BACDF66}"
EndProject
Project("{FAE04EC0-301F-11D3-BF4B-00C04F79EFBC}") = "Sintonia.Infrastructure", "src\Sintonia.Infrastructure\Sintonia.Infrastructure.csproj", "{BFC2DA36-BE25-4DA6-8986-585E22C3E5C6}"
EndProject
Project("{FAE04EC0-301F-11D3-BF4B-00C04F79EFBC}") = "Sintonia.Desktop", "src\Sintonia.Desktop\Sintonia.Desktop.csproj", "{F9A26B2F-D74B-4388-82AC-BDAE68889FA9}"
EndProject
Project("{2150E333-8FDC-42A3-9474-1A3956D46DE8}") = "tests", "tests", "{0AB3BF05-4346-4AA6-1389-037BE0695223}"
EndProject
Project("{FAE04EC0-301F-11D3-BF4B-00C04F79EFBC}") = "Sintonia.Core.Tests", "tests\Sintonia.Core.Tests\Sintonia.Core.Tests.csproj", "{D3BA3D39-CA8B-49EC-A387-8784B53D32C4}"
EndProject
Project("{FAE04EC0-301F-11D3-BF4B-00C04F79EFBC}") = "Sintonia.Desktop.SmokeTests", "tests\Sintonia.Desktop.SmokeTests\Sintonia.Desktop.SmokeTests.csproj", "{40B9FA5F-F439-4140-94B0-C3245D69BC0B}"
EndProject
Global
	GlobalSection(SolutionConfigurationPlatforms) = preSolution
		Debug|Any CPU = Debug|Any CPU
		Debug|x64 = Debug|x64
		Debug|x86 = Debug|x86
		Release|Any CPU = Release|Any CPU
		Release|x64 = Release|x64
		Release|x86 = Release|x86
	EndGlobalSection
	GlobalSection(ProjectConfigurationPlatforms) = postSolution
		{B815E218-0285-401B-9682-C2A06BACDF66}.Debug|Any CPU.ActiveCfg = Debug|Any CPU
		{B815E218-0285-401B-9682-C2A06BACDF66}.Debug|Any CPU.Build.0 = Debug|Any CPU
		{B815E218-0285-401B-9682-C2A06BACDF66}.Debug|x64.ActiveCfg = Debug|Any CPU
		{B815E218-0285-401B-9682-C2A06BACDF66}.Debug|x64.Build.0 = Debug|Any CPU
		{B815E218-0285-401B-9682-C2A06BACDF66}.Debug|x86.ActiveCfg = Debug|Any CPU
		{B815E218-0285-401B-9682-C2A06BACDF66}.Debug|x86.Build.0 = Debug|Any CPU
		{B815E218-0285-401B-9682-C2A06BACDF66}.Release|Any CPU.ActiveCfg = Release|Any CPU
		{B815E218-0285-401B-9682-C2A06BACDF66}.Release|Any CPU.Build.0 = Release|Any CPU
		{B815E218-0285-401B-9682-C2A06BACDF66}.Release|x64.ActiveCfg = Release|Any CPU
		{B815E218-0285-401B-9682-C2A06BACDF66}.Release|x64.Build.0 = Release|Any CPU
		{B815E218-0285-401B-9682-C2A06BACDF66}.Release|x86.ActiveCfg = Release|Any CPU
		{B815E218-0285-401B-9682-C2A06BACDF66}.Release|x86.Build.0 = Release|Any CPU
		{BFC2DA36-BE25-4DA6-8986-585E22C3E5C6}.Debug|Any CPU.ActiveCfg = Debug|Any CPU
		{BFC2DA36-BE25-4DA6-8986-585E22C3E5C6}.Debug|Any CPU.Build.0 = Debug|Any CPU
		{BFC2DA36-BE25-4DA6-8986-585E22C3E5C6}.Debug|x64.ActiveCfg = Debug|Any CPU
		{BFC2DA36-BE25-4DA6-8986-585E22C3E5C6}.Debug|x64.Build.0 = Debug|Any CPU
		{BFC2DA36-BE25-4DA6-8986-585E22C3E5C6}.Debug|x86.ActiveCfg = Debug|Any CPU
		{BFC2DA36-BE25-4DA6-8986-585E22C3E5C6}.Debug|x86.Build.0 = Debug|Any CPU
		{BFC2DA36-BE25-4DA6-8986-585E22C3E5C6}.Release|Any CPU.ActiveCfg = Release|Any CPU
		{BFC2DA36-BE25-4DA6-8986-585E22C3E5C6}.Release|Any CPU.Build.0 = Release|Any CPU
		{BFC2DA36-BE25-4DA6-8986-585E22C3E5C6}.Release|x64.ActiveCfg = Release|Any CPU
		{BFC2DA36-BE25-4DA6-8986-585E22C3E5C6}.Release|x64.Build.0 = Release|Any CPU
		{BFC2DA36-BE25-4DA6-8986-585E22C3E5C6}.Release|x86.ActiveCfg = Release|Any CPU
		{BFC2DA36-BE25-4DA6-8986-585E22C3E5C6}.Release|x86.Build.0 = Release|Any CPU
		{F9A26B2F-D74B-4388-82AC-BDAE68889FA9}.Debug|Any CPU.ActiveCfg = Debug|Any CPU
		{F9A26B2F-D74B-4388-82AC-BDAE68889FA9}.Debug|Any CPU.Build.0 = Debug|Any CPU
		{F9A26B2F-D74B-4388-82AC-BDAE68889FA9}.Debug|x64.ActiveCfg = Debug|Any CPU
		{F9A26B2F-D74B-4388-82AC-BDAE68889FA9}.Debug|x64.Build.0 = Debug|Any CPU
		{F9A26B2F-D74B-4388-82AC-BDAE68889FA9}.Debug|x86.ActiveCfg = Debug|Any CPU
		{F9A26B2F-D74B-4388-82AC-BDAE68889FA9}.Debug|x86.Build.0 = Debug|Any CPU
		{F9A26B2F-D74B-4388-82AC-BDAE68889FA9}.Release|Any CPU.ActiveCfg = Release|Any CPU
		{F9A26B2F-D74B-4388-82AC-BDAE68889FA9}.Release|Any CPU.Build.0 = Release|Any CPU
		{F9A26B2F-D74B-4388-82AC-BDAE68889FA9}.Release|x64.ActiveCfg = Release|Any CPU
		{F9A26B2F-D74B-4388-82AC-BDAE68889FA9}.Release|x64.Build.0 = Release|Any CPU
		{F9A26B2F-D74B-4388-82AC-BDAE68889FA9}.Release|x86.ActiveCfg = Release|Any CPU
		{F9A26B2F-D74B-4388-82AC-BDAE68889FA9}.Release|x86.Build.0 = Release|Any CPU
		{D3BA3D39-CA8B-49EC-A387-8784B53D32C4}.Debug|Any CPU.ActiveCfg = Debug|Any CPU
		{D3BA3D39-CA8B-49EC-A387-8784B53D32C4}.Debug|Any CPU.Build.0 = Debug|Any CPU
		{D3BA3D39-CA8B-49EC-A387-8784B53D32C4}.Debug|x64.ActiveCfg = Debug|Any CPU
		{D3BA3D39-CA8B-49EC-A387-8784B53D32C4}.Debug|x64.Build.0 = Debug|Any CPU
		{D3BA3D39-CA8B-49EC-A387-8784B53D32C4}.Debug|x86.ActiveCfg = Debug|Any CPU
		{D3BA3D39-CA8B-49EC-A387-8784B53D32C4}.Debug|x86.Build.0 = Debug|Any CPU
		{D3BA3D39-CA8B-49EC-A387-8784B53D32C4}.Release|Any CPU.ActiveCfg = Release|Any CPU
		{D3BA3D39-CA8B-49EC-A387-8784B53D32C4}.Release|Any CPU.Build.0 = Release|Any CPU
		{D3BA3D39-CA8B-49EC-A387-8784B53D32C4}.Release|x64.ActiveCfg = Release|Any CPU
		{D3BA3D39-CA8B-49EC-A387-8784B53D32C4}.Release|x64.Build.0 = Release|Any CPU
		{D3BA3D39-CA8B-49EC-A387-8784B53D32C4}.Release|x86.ActiveCfg = Release|Any CPU
		{D3BA3D39-CA8B-49EC-A387-8784B53D32C4}.Release|x86.Build.0 = Release|Any CPU
		{40B9FA5F-F439-4140-94B0-C3245D69BC0B}.Debug|Any CPU.ActiveCfg = Debug|Any CPU
		{40B9FA5F-F439-4140-94B0-C3245D69BC0B}.Debug|Any CPU.Build.0 = Debug|Any CPU
		{40B9FA5F-F439-4140-94B0-C3245D69BC0B}.Debug|x64.ActiveCfg = Debug|Any CPU
		{40B9FA5F-F439-4140-94B0-C3245D69BC0B}.Debug|x64.Build.0 = Debug|Any CPU
		{40B9FA5F-F439-4140-94B0-C3245D69BC0B}.Debug|x86.ActiveCfg = Debug|Any CPU
		{40B9FA5F-F439-4140-94B0-C3245D69BC0B}.Debug|x86.Build.0 = Debug|Any CPU
		{40B9FA5F-F439-4140-94B0-C3245D69BC0B}.Release|Any CPU.ActiveCfg = Release|Any CPU
		{40B9FA5F-F439-4140-94B0-C3245D69BC0B}.Release|Any CPU.Build.0 = Release|Any CPU
		{40B9FA5F-F439-4140-94B0-C3245D69BC0B}.Release|x64.ActiveCfg = Release|Any CPU
		{40B9FA5F-F439-4140-94B0-C3245D69BC0B}.Release|x64.Build.0 = Release|Any CPU
		{40B9FA5F-F439-4140-94B0-C3245D69BC0B}.Release|x86.ActiveCfg = Release|Any CPU
		{40B9FA5F-F439-4140-94B0-C3245D69BC0B}.Release|x86.Build.0 = Release|Any CPU
	EndGlobalSection
	GlobalSection(SolutionProperties) = preSolution
		HideSolutionNode = FALSE
	EndGlobalSection
	GlobalSection(NestedProjects) = preSolution
		{B815E218-0285-401B-9682-C2A06BACDF66} = {827E0CD3-B72D-47B6-A68D-7590B98EB39B}
		{BFC2DA36-BE25-4DA6-8986-585E22C3E5C6} = {827E0CD3-B72D-47B6-A68D-7590B98EB39B}
		{F9A26B2F-D74B-4388-82AC-BDAE68889FA9} = {827E0CD3-B72D-47B6-A68D-7590B98EB39B}
		{D3BA3D39-CA8B-49EC-A387-8784B53D32C4} = {0AB3BF05-4346-4AA6-1389-037BE0695223}
		{40B9FA5F-F439-4140-94B0-C3245D69BC0B} = {0AB3BF05-4346-4AA6-1389-037BE0695223}
	EndGlobalSection
EndGlobal
