{
  "version": 1,
  "dependencies": {
    "net10.0-windows7.0": {
      "sintonia.core": {
        "type": "Project"
      },
      "sintonia.desktop": {
        "type": "Project",
        "dependencies": {
          "Sintonia.Core": "[1.0.0, )",
          "Sintonia.Infrastructure": "[1.0.0, )"
        }
      },
      "sintonia.infrastructure": {
        "type": "Project",
        "dependencies": {
          "Sintonia.Core": "[1.0.0, )"
        }
      }
    }
  }
}